{
  "name": "spass",
  "version": "1.0.0",
  "lockfileVersion": 1,
  "requires": true,
  "dependencies": {
    "angular2-materialize": {
      "version": "15.1.3",
      "resolved": "https://registry.npmjs.org/angular2-materialize/-/angular2-materialize-15.1.3.tgz",
      "integrity": "sha1-KWk9B747OjgsdIZn2M4PW/Zow84="
    },
    "hammerjs": {
      "version": "2.0.8",
      "resolved": "https://registry.npmjs.org/hammerjs/-/hammerjs-2.0.8.tgz",
      "integrity": "sha1-BO93hiz/K7edMPdpIJWTAiK/YPE="
    },
    "jquery": {
      "version": "2.2.4",
      "resolved": "https://registry.npmjs.org/jquery/-/jquery-2.2.4.tgz",
      "integrity": "sha1-LInWiJterFIqfuoywUUhVZxsvwI="
    },
    "materialize-css": {
      "version": "0.100.1",
      "resolved": "https://registry.npmjs.org/materialize-css/-/materialize-css-0.100.1.tgz",
      "integrity": "sha512-FMAC4R+DRA78ADNyDtfl7qcsT3y9fgVEWWNY9dq6keIVRxmwGFly7ZwNpXMJzf0qkqipEhLcx1rAIyj+hUJVKg==",
      "requires": {
        "hammerjs": "2.0.8",
        "jquery": "2.2.4"
      }
    }
  }
}
